{
  "version": 1,
  "dependencies": {
    "net10.0-windows7.0": {
      "DalamudPackager": {
        "type": "Direct",
        "requested": "[14.0.1, )",
        "resolved": "14.0.1",
        "contentHash": "y0WWyUE6dhpGdolK3iKgwys05/nZaVf4ZPtIjpLhJBZvHxkkiE23zYRo7K7uqAgoK/QvK5cqF6l3VG5AbgC6KA=="
      },
      "DotNet.ReproducibleBuilds": {
        "type": "Direct",
        "requested": "[1.2.39, )",
        "resolved": "1.2.39",
        "contentHash": "fcFN01tDTIQqDuTwr1jUQK/geofiwjG5DycJQOnC72i1SsLAk1ELe+apBOuZ11UMQG8YKFZG1FgvjZPbqHyatg=="
      },
      "ECommons": {
        "type": "Direct",
        "requested": "[3.1.0.10, )",
        "resolved": "3.1.0.10",
        "contentHash": "afgAdXz9ykESACvgssr9PXsPb8i7ZwSyqw58IGzgURUxkH8Hm1qIxwzybLDE5Eo8BXr4nESGqcRqEpbviH4/3g=="
      },
      "FuzzySharp": {
        "type": "Direct",
        "requested": "[2.0.2, )",
        "resolved": "2.0.2",
        "contentHash": "sBKqWxw3g//peYxDZ8JipRlyPbIyBtgzqBVA5GqwHVeqtIrw75maGXAllztf+1aJhchD+drcQIgf2mFho8ZV8A=="
      },
      "JetBrains.Annotations": {
        "type": "Direct",
        "requested": "[2024.3.0, )",
        "resolved": "2024.3.0",
        "contentHash": "ox5pkeLQXjvJdyAB4b2sBYAlqZGLh3PjSnP1bQNVx72ONuTJ9+34/+Rq91Fc0dG29XG9RgZur9+NcP4riihTug=="
      },
      "Microsoft.CodeAnalysis": {
        "type": "Direct",
        "requested": "[4.10.0, )",
        "resolved": "4.10.0",
        "contentHash": "UcAcN8FmV9Xesj9XQKqpeJxyOqofb0fsgMn97gnTeSQINrmbxMe5j2NlhHGkVl2qEZ/rXQcRcGth8K4AXdbprQ==",
        "dependencies": {
          "Humanizer.Core": "2.14.1",
          "Microsoft.Bcl.AsyncInterfaces": "8.0.0",
          "Microsoft.CodeAnalysis.Analyzers": "3.3.4",
          "Microsoft.CodeAnalysis.CSharp.Workspaces": "[4.10.0]",
          "Microsoft.CodeAnalysis.VisualBasic.Workspaces": "[4.10.0]",
          "System.Composition": "8.0.0"
        }
      },
      "Microsoft.CodeAnalysis.CSharp": {
        "type": "Direct",
        "requested": "[4.10.0, )",
        "resolved": "4.10.0",
        "contentHash": "iifqKy3KvCgPABHFbFlSxjEoE+OItZGuZ191NM/TWV750m1jMypr7BtrP65ET+OK2KNVupO8S8xCtxbNqw056A==",
        "dependencies": {
          "Microsoft.CodeAnalysis.Analyzers": "3.3.4",
          "Microsoft.CodeAnalysis.Common": "[4.10.0]"
        }
      },
      "Microsoft.CodeAnalysis.CSharp.CodeStyle": {
        "type": "Direct",
        "requested": "[4.8.0, )",
        "resolved": "4.8.0",
        "contentHash": "2pncXyyEtesl8EzmDfT7lKeOQoiuW+30zy3EozCFb4CMnGGsTe3COoRRCk3tqVk27LfRjCdJv+zK+JTEMmF3lw=="
      },
      "Microsoft.CodeAnalysis.NetAnalyzers": {
        "type": "Direct",
        "requested": "[8.0.0, )",
        "resolved": "8.0.0",
        "contentHash": "DxiTgkCl3CGq1rYmBX2wjY7XGbxiBdL4J+/AJIAFLKy5z70NxhnVRnPghnicXZ8oF6JKVXlW3xwznRbI3ioEKg=="
      },
      "Microsoft.Data.Sqlite": {
        "type": "Direct",
        "requested": "[8.0.0, )",
        "resolved": "8.0.0",
        "contentHash": "H+iC5IvkCCKSNHXzL3JARvDn7VpkvuJM91KVB89sKjeTF/KX/BocNNh93ZJtX5MCQKb/z4yVKgkU2sVIq+xKfg==",
        "dependencies": {
          "Microsoft.Data.Sqlite.Core": "8.0.0",
          "SQLitePCLRaw.bundle_e_sqlite3": "2.1.6"
        }
      },
      "Microsoft.Extensions.DependencyInjection": {
        "type": "Direct",
        "requested": "[9.0.2, )",
        "resolved": "9.0.2",
        "contentHash": "ZffbJrskOZ40JTzcTyKwFHS5eACSWp2bUQBBApIgGV+es8RaTD4OxUG7XxFr3RIPLXtYQ1jQzF2DjKB5fZn7Qg==",
        "dependencies": {
          "Microsoft.Extensions.DependencyInjection.Abstractions": "9.0.2"
        }
      },
      "NAudio": {
        "type": "Direct",
        "requested": "[2.2.1, )",
        "resolved": "2.2.1",
        "contentHash": "c0DzwiyyklM0TP39Y7RObwO3QkWecgM6H60ikiEnsV/aEAJPbj5MFCLaD8BSfKuZe0HGuh9GRGWWlJmSxDc9MA==",
        "dependencies": {
          "NAudio.Asio": "2.2.1",
          "NAudio.Core": "2.2.1",
          "NAudio.Midi": "2.2.1",
          "NAudio.Wasapi": "2.2.1",
          "NAudio.WinForms": "2.2.1",
          "NAudio.WinMM": "2.2.1"
        }
      },
      "Roslynator.Analyzers": {
        "type": "Direct",
        "requested": "[4.12.9, )",
        "resolved": "4.12.9",
        "contentHash": "X6lDpN/D5wuinq37KIx+l3GSUe9No+8bCjGBTI5sEEtxapLztkHg6gzNVhMXpXw8P+/5gFYxTXJ5Pf8O4iNz/w=="
      },
      "SharpDX.Mathematics": {
        "type": "Direct",
        "requested": "[4.2.0, )",
        "resolved": "4.2.0",
        "contentHash": "R2pcKLgdsP9p5WyTjHmGOZ0ka0zASAZYc6P4L6rSvjYhf6klGYbent7MiVwbkwkt9dD44p5brjy5IwAnVONWGw==",
        "dependencies": {
          "NETStandard.Library": "1.6.1",
          "SharpDX": "4.2.0"
        }
      },
      "Humanizer.Core": {
        "type": "Transitive",
        "resolved": "2.14.1",
        "contentHash": "lQKvtaTDOXnoVJ20ibTuSIOf2i0uO0MPbDhd1jm238I+U/2ZnRENj0cktKZhtchBMtCUSRQ5v4xBCUbKNmyVMw=="
      },
      "Microsoft.Bcl.AsyncInterfaces": {
        "type": "Transitive",
        "resolved": "8.0.0",
        "contentHash": "3WA9q9yVqJp222P3x1wYIGDAkpjAku0TMUaaQV22g6L67AI0LdOIrVS7Ht2vJfLHGSPVuqN94vIr15qn+HEkHw=="
      },
      "Microsoft.CodeAnalysis.Analyzers": {
        "type": "Transitive",
        "resolved": "3.3.4",
        "contentHash": "AxkxcPR+rheX0SmvpLVIGLhOUXAKG56a64kV9VQZ4y9gR9ZmPXnqZvHJnmwLSwzrEP6junUF11vuc+aqo5r68g=="
      },
      "Microsoft.CodeAnalysis.Common": {
        "type": "Transitive",
        "resolved": "4.10.0",
        "contentHash": "7O4+dn0fNKykPpEB1i8/5EKzwD3fuu/shdbbnnsBmdiHMaBz6telOubDFwPwLQQ/PvOAWTFIWWTyAOmWvXRD2g==",
        "dependencies": {
          "Microsoft.CodeAnalysis.Analyzers": "3.3.4"
        }
      },
      "Microsoft.CodeAnalysis.CSharp.Workspaces": {
        "type": "Transitive",
        "resolved": "4.10.0",
        "contentHash": "s8qbD2i3zdol8QNcrCVw9URW71DUdg1UF0XCxxIaQoYbdpcKVy2DG127560psiqLEKxAEWA/DOFwL9CY2qGq1g==",
        "dependencies": {
          "Humanizer.Core": "2.14.1",
          "Microsoft.CodeAnalysis.Analyzers": "3.3.4",
          "Microsoft.CodeAnalysis.CSharp": "[4.10.0]",
          "Microsoft.CodeAnalysis.Common": "[4.10.0]",
          "Microsoft.CodeAnalysis.Workspaces.Common": "[4.10.0]",
          "System.Composition": "8.0.0"
        }
      },
      "Microsoft.CodeAnalysis.VisualBasic": {
        "type": "Transitive",
        "resolved": "4.10.0",
        "contentHash": "rqdpLqrACQwhr7pr21OCEpmSZthdWF7TfimCH9IUt+FCXLfpqNTkgB7qAF2ypVJTT5sc+hY1IQWeDPjSyJ3REg==",
        "dependencies": {
          "Microsoft.CodeAnalysis.Analyzers": "3.3.4",
          "Microsoft.CodeAnalysis.Common": "[4.10.0]"
        }
      },
      "Microsoft.CodeAnalysis.VisualBasic.Workspaces": {
        "type": "Transitive",
        "resolved": "4.10.0",
        "contentHash": "i0dtZ531kx7DiCBAzyrvEcYpK/tZQAJDmSKIQW3kENl5wPenOkQePvYNFZRrvOGzSgK5uZVs0Y3xW/B1ZCcQFA==",
        "dependencies": {
          "Humanizer.Core": "2.14.1",
          "Microsoft.CodeAnalysis.Analyzers": "3.3.4",
          "Microsoft.CodeAnalysis.Common": "[4.10.0]",
          "Microsoft.CodeAnalysis.VisualBasic": "[4.10.0]",
          "Microsoft.CodeAnalysis.Workspaces.Common": "[4.10.0]",
          "System.Composition": "8.0.0"
        }
      },
      "Microsoft.CodeAnalysis.Workspaces.Common": {
        "type": "Transitive",
        "resolved": "4.10.0",
        "contentHash": "lSMNGNeROSbxvbgzJyQfJpLJM0BFRrSgxYs4BZuZvpL8TuyUorEYa/HCJDcclhSRhr76LGiTT5lfLu5QFoFF6A==",
        "dependencies": {
          "Humanizer.Core": "2.14.1",
          "Microsoft.CodeAnalysis.Analyzers": "3.3.4",
          "Microsoft.CodeAnalysis.Common": "[4.10.0]",
          "System.Composition": "8.0.0"
        }
      },
      "Microsoft.Data.Sqlite.Core": {
        "type": "Transitive",
        "resolved": "8.0.0",
        "contentHash": "pujbzfszX7jAl7oTbHhqx7pxd9jibeyHHl8zy1gd55XMaKWjDtc5XhhNYwQnrwWYCInNdVoArbaaAvLgW7TwuA==",
        "dependencies": {
          "SQLitePCLRaw.core": "2.1.6"
        }
      },
      "Microsoft.Extensions.DependencyInjection.Abstractions": {
        "type": "Transitive",
        "resolved": "9.0.2",
        "contentHash": "MNe7GSTBf3jQx5vYrXF0NZvn6l7hUKF6J54ENfAgCO8y6xjN1XUmKKWG464LP2ye6QqDiA1dkaWEZBYnhoZzjg=="
      },
      "Microsoft.NETCore.Platforms": {
        "type": "Transitive",
        "resolved": "1.1.0",
        "contentHash": "kz0PEW2lhqygehI/d6XsPCQzD7ff7gUJaVGPVETX611eadGsA3A877GdSlU0LRVMCTH/+P3o2iDTak+S08V2+A=="
      },
      "NAudio.Asio": {
        "type": "Transitive",
        "resolved": "2.2.1",
        "contentHash": "hQglyOT5iT3XuGpBP8ZG0+aoqwRfidHjTNehpoWwX0g6KJEgtH2VaqM2nuJ2mheKZa/IBqB4YQTZVvrIapzfOA==",
        "dependencies": {
          "NAudio.Core": "2.2.1"
        }
      },
      "NAudio.Core": {
        "type": "Transitive",
        "resolved": "2.2.1",
        "contentHash": "GgkdP6K/7FqXFo7uHvoqGZTJvW4z8g2IffhOO4JHaLzKCdDOUEzVKtveoZkCuUX8eV2HAINqi7VFqlFndrnz/g=="
      },
      "NAudio.Midi": {
        "type": "Transitive",
        "resolved": "2.2.1",
        "contentHash": "6r23ylGo5aeP02WFXsPquz0T0hFJWyh+7t++tz19tc3Kr38NHm+Z9j+FiAv+xkH8tZqXJqus9Q8p6u7bidIgbw==",
        "dependencies": {
          "NAudio.Core": "2.2.1"
        }
      },
      "NAudio.Wasapi": {
        "type": "Transitive",
        "resolved": "2.2.1",
        "contentHash": "lFfXoqacZZe0WqNChJgGYI+XV/n/61LzPHT3C1CJp4khoxeo2sziyX5wzNYWeCMNbsWxFvT3b3iXeY1UYjBhZw==",
        "dependencies": {
          "NAudio.Core": "2.2.1"
        }
      },
      "NAudio.WinForms": {
        "type": "Transitive",
        "resolved": "2.2.1",
        "contentHash": "DlDkewY1myY0A+3NrYRJD+MZhZV0yy1mNF6dckB27IQ9XCs/My5Ip8BZcoSHOsaPSe2GAjvoaDnk6N9w8xTv7w==",
        "dependencies": {
          "NAudio.WinMM": "2.2.1"
        }
      },
      "NAudio.WinMM": {
        "type": "Transitive",
        "resolved": "2.2.1",
        "contentHash": "xFHRFwH4x6aq3IxRbewvO33ugJRvZFEOfO62i7uQJRUNW2cnu6BeBTHUS0JD5KBucZbHZaYqxQG8dwZ47ezQuQ==",
        "dependencies": {
          "NAudio.Core": "2.2.1"
        }
      },
      "NETStandard.Library": {
        "type": "Transitive",
        "resolved": "1.6.1",
        "contentHash": "WcSp3+vP+yHNgS8EV5J7pZ9IRpeDuARBPN28by8zqff1wJQXm26PVU8L3/fYLBJVU7BtDyqNVWq2KlCVvSSR4A==",
        "dependencies": {
          "Microsoft.NETCore.Platforms": "1.1.0"
        }
      },
      "SharpDX": {
        "type": "Transitive",
        "resolved": "4.2.0",
        "contentHash": "3pv0LFMvfK/dv1qISJnn8xBeeT6R/FRvr0EV4KI2DGsL84Qlv6P7isWqxGyU0LCwlSVCJN3jgHJ4Bl0KI2PJww==",
        "dependencies": {
          "NETStandard.Library": "1.6.1"
        }
      },
      "SQLitePCLRaw.bundle_e_sqlite3": {
        "type": "Transitive",
        "resolved": "2.1.6",
        "contentHash": "BmAf6XWt4TqtowmiWe4/5rRot6GerAeklmOPfviOvwLoF5WwgxcJHAxZtySuyW9r9w+HLILnm8VfJFLCUJYW8A==",
        "dependencies": {
          "SQLitePCLRaw.lib.e_sqlite3": "2.1.6",
          "SQLitePCLRaw.provider.e_sqlite3": "2.1.6"
        }
      },
      "SQLitePCLRaw.core": {
        "type": "Transitive",
        "resolved": "2.1.6",
        "contentHash": "wO6v9GeMx9CUngAet8hbO7xdm+M42p1XeJq47ogyRoYSvNSp0NGLI+MgC0bhrMk9C17MTVFlLiN6ylyExLCc5w=="
      },
      "SQLitePCLRaw.lib.e_sqlite3": {
        "type": "Transitive",
        "resolved": "2.1.6",
        "contentHash": "2ObJJLkIUIxRpOUlZNGuD4rICpBnrBR5anjyfUFQep4hMOIeqW+XGQYzrNmHSVz5xSWZ3klSbh7sFR6UyDj68Q=="
      },
      "SQLitePCLRaw.provider.e_sqlite3": {
        "type": "Transitive",
        "resolved": "2.1.6",
        "contentHash": "PQ2Oq3yepLY4P7ll145P3xtx2bX8xF4PzaKPRpw9jZlKvfe4LE/saAV82inND9usn1XRpmxXk7Lal3MTI+6CNg==",
        "dependencies": {
          "SQLitePCLRaw.core": "2.1.6"
        }
      },
      "System.Composition": {
        "type": "Transitive",
        "resolved": "8.0.0",
        "contentHash": "E9oO9olNNxA39J8CxQwf7ceIPm+j/B/PhYpyK9M4LhN/OLLRw6u5fNInkhVqaWueMB9iXxYqnwqwgz+W91loIA==",
        "dependencies": {
          "System.Composition.AttributedModel": "8.0.0",
          "System.Composition.Convention": "8.0.0",
          "System.Composition.Hosting": "8.0.0",
          "System.Composition.Runtime": "8.0.0",
          "System.Composition.TypedParts": "8.0.0"
        }
      },
      "System.Composition.AttributedModel": {
        "type": "Transitive",
        "resolved": "8.0.0",
        "contentHash": "NyElSuvmBMYdn2iPG0n29i7Igu0bq99izOP3MAtEwskY3OP9jqsavvVmPn9lesVaj/KT/o/QkNjA43dOJTsDQw=="
      },
      "System.Composition.Convention": {
        "type": "Transitive",
        "resolved": "8.0.0",
        "contentHash": "UuVkc1B3vQU/LzEbWLMZ1aYVssv4rpShzf8wPEyrUqoGNqdYKREmB8bXR73heOMKkwS6ZnPz3PjGODT2MenukQ==",
        "dependencies": {
          "System.Composition.AttributedModel": "8.0.0"
        }
      },
      "System.Composition.Hosting": {
        "type": "Transitive",
        "resolved": "8.0.0",
        "contentHash": "qwbONqoxlazxcbiohvb3t1JWZgKIKcRdXS5uEeLbo5wtuBupIbAvdC3PYTAeBCZrZeERvrtAbhYHuuS43Zr1bQ==",
        "dependencies": {
          "System.Composition.Runtime": "8.0.0"
        }
      },
      "System.Composition.Runtime": {
        "type": "Transitive",
        "resolved": "8.0.0",
        "contentHash": "G+kRyB5/6+3ucRRQz+DF4uSHGqpkK8Q4ilVdbt4zvxpmvLVZNmSkyFAQpJLcbOyVF85aomJx0m+TGMDVlwx7ZQ=="
      },
      "System.Composition.TypedParts": {
        "type": "Transitive",
        "resolved": "8.0.0",
        "contentHash": "DsSklhuA+Dsgo3ZZrar8hjBFvq1wa1grrkNCTt+6SoX3vq0Vy+HXJnVXrU/nNH1BjlGH684A7h4hJQHZd/u5mA==",
        "dependencies": {
          "System.Composition.AttributedModel": "8.0.0",
          "System.Composition.Hosting": "8.0.0",
          "System.Composition.Runtime": "8.0.0"
        }
      }
    }
  }
}